
Microsoft Visual Studio Solution File, Format Version 12.00
# Visual Studio 15
VisualStudioVersion = 15.0.28307.1209
MinimumVisualStudioVersion = 10.0.40219.1
Project("{FAE04EC0-301F-11D3-BF4B-00C04F79EFBC}") = "MvcMovie", "MvcMovie\MvcMovie.csproj", "{E0AB78BB-09B4-4A31-BB19-26DF00E6E0CF}"
EndProject
Global
	GlobalSection(SolutionConfigurationPlatforms) = preSolution
		Debug|Any CPU = Debug|Any CPU
		Release|Any CPU = Release|Any CPU
	EndGlobalSection
	GlobalSection(ProjectConfigurationPlatforms) = postSolution
		{E0AB78BB-09B4-4A31-BB19-26DF00E6E0CF}.Debug|Any CPU.ActiveCfg = Debug|Any CPU
		{E0AB78BB-09B4-4A31-BB19-26DF00E6E0CF}.Debug|Any CPU.Build.0 = Debug|Any CPU
		{E0AB78BB-09B4-4A31-BB19-26DF00E6E0CF}.Release|Any CPU.ActiveCfg = Release|Any CPU
		{E0AB78BB-09B4-4A31-BB19-26DF00E6E0CF}.Release|Any CPU.Build.0 = Release|Any CPU
	EndGlobalSection
	GlobalSection(SolutionProperties) = preSolution
		HideSolutionNode = FALSE
	EndGlobalSection
	GlobalSection(ExtensibilityGlobals) = postSolution
		SolutionGuid = {2C06E4FA-166E-41CF-8E39-A5B39DEF5E74}
	EndGlobalSection
EndGlobal
